PODS:
  - Flutter (1.0.0)
  - flutter_custom_components (0.0.1):
    - Flutter
  - keyboard_visibility (0.5.0):
    - Flutter
    - Reachability
  - Reachability (3.2)

DEPENDENCIES:
  - Flutter (from `Flutter`)
  - flutter_custom_components (from `.symlinks/plugins/flutter_custom_components/ios`)
  - keyboard_visibility (from `.symlinks/plugins/keyboard_visibility/ios`)

SPEC REPOS:
  https://github.com/cocoapods/specs.git:
    - Reachability

EXTERNAL SOURCES:
  Flutter:
    :path: Flutter
  flutter_custom_components:
    :path: ".symlinks/plugins/flutter_custom_components/ios"
  keyboard_visibility:
    :path: ".symlinks/plugins/keyboard_visibility/ios"

SPEC CHECKSUMS:
  Flutter: 0e3d915762c693b495b44d77113d4970485de6ec
  flutter_custom_components: 5b8ca0a9976025cb183a7fb4e861dbcc60fd73f5
  keyboard_visibility: 96a24de806fe6823c3ad956c01ba2ec6d056616f
  Reachability: 33e18b67625424e47b6cde6d202dce689ad7af96

PODFILE CHECKSUM: aafe91acc616949ddb318b77800a7f51bffa2a4c

COCOAPODS: 1.6.2
